{
    "name": "@jelly-swap/algorand",
    "version": "0.1.53",
    "lockfileVersion": 1,
    "requires": true,
    "dependencies": {
        "@jelly-swap/types": {
            "version": "0.1.53",
            "resolved": "https://registry.npmjs.org/@jelly-swap/types/-/types-0.1.53.tgz",
            "integrity": "sha512-fLu+aJVIEb6CWk2r7yG0lwh2ISYxWkDGBk8yH0upln1G7VjW3vTV3QcuX6LD5JrKpXnapxzfSnkG99XO834Xhg=="
        },
        "@jelly-swap/utils": {
            "version": "0.1.53",
            "resolved": "https://registry.npmjs.org/@jelly-swap/utils/-/utils-0.1.53.tgz",
            "integrity": "sha512-VEYNHNKtP9r5oPkHFraZHuxORVQJqcwmkdeyRvck6dTMahuh3sGos8v5eN3/tou4xWnotB2FwGwb1jkfjOrlZg==",
            "requires": {
                "create-hash": "^1.2.0",
                "moment": "^2.24.0"
            }
        },
        "@msgpack/msgpack": {
            "version": "1.12.2",
            "resolved": "https://registry.npmjs.org/@msgpack/msgpack/-/msgpack-1.12.2.tgz",
            "integrity": "sha512-Vwhc3ObxmDZmA5hY8mfsau2rJ4vGPvzbj20QSZ2/E1GDPF61QVyjLfNHak9xmel6pW4heRt3v1fHa6np9Ehfeg=="
        },
        "algosdk": {
            "version": "1.7.2",
            "resolved": "https://registry.npmjs.org/algosdk/-/algosdk-1.7.2.tgz",
            "integrity": "sha512-k0Sl9jw3nkFpEaijH2SOaNGOpXdKxxE7z5IwKCUtnnXxtNOoOwJvANTiE+OtcdGDzoXqMztOXvOKxoMMmniEzA==",
            "requires": {
                "@msgpack/msgpack": "^1.9.0",
                "hi-base32": "^0.5.0",
                "js-sha256": "^0.9.0",
                "js-sha512": "^0.8.0",
                "keccak256": "^1.0.0",
                "superagent": "^4.1.0",
                "tweetnacl": "^1.0.1"
            }
        },
        "asynckit": {
            "version": "0.4.0",
            "resolved": "https://registry.npmjs.org/asynckit/-/asynckit-0.4.0.tgz",
            "integrity": "sha1-x57Zf380y48robyXkLzDZkdLS3k="
        },
        "bn.js": {
            "version": "4.12.0",
            "resolved": "https://registry.npmjs.org/bn.js/-/bn.js-4.12.0.tgz",
            "integrity": "sha512-c98Bf3tPniI+scsdk237ku1Dc3ujXQTSgyiPUDEOe7tRkhrqridvh8klBv0HCEso1OLOYcHuCv/cS6DNxKH+ZA=="
        },
        "call-bind": {
            "version": "1.0.2",
            "resolved": "https://registry.npmjs.org/call-bind/-/call-bind-1.0.2.tgz",
            "integrity": "sha512-7O+FbCihrB5WGbFYesctwmTKae6rOiIzmz1icreWJ+0aA7LJfuqhEso2T9ncpcFtzMQtzXf2QGGueWJGTYsqrA==",
            "requires": {
                "function-bind": "^1.1.1",
                "get-intrinsic": "^1.0.2"
            }
        },
        "cipher-base": {
            "version": "1.0.4",
            "resolved": "https://registry.npmjs.org/cipher-base/-/cipher-base-1.0.4.tgz",
            "integrity": "sha512-Kkht5ye6ZGmwv40uUDZztayT2ThLQGfnj/T71N/XzeZeo3nf8foyW7zGTsPYkEya3m5f3cAypH+qe7YOrM1U2Q==",
            "requires": {
                "inherits": "^2.0.1",
                "safe-buffer": "^5.0.1"
            }
        },
        "combined-stream": {
            "version": "1.0.8",
            "resolved": "https://registry.npmjs.org/combined-stream/-/combined-stream-1.0.8.tgz",
            "integrity": "sha512-FQN4MRfuJeHf7cBbBMJFXhKSDq+2kAArBlmRBvcvFE5BB1HZKXtSFASDhdlz9zOYwxh8lDdnvmMOe/+5cdoEdg==",
            "requires": {
                "delayed-stream": "~1.0.0"
            }
        },
        "component-emitter": {
            "version": "1.3.0",
            "resolved": "https://registry.npmjs.org/component-emitter/-/component-emitter-1.3.0.tgz",
            "integrity": "sha512-Rd3se6QB+sO1TwqZjscQrurpEPIfO0/yYnSin6Q/rD3mOutHvUrCAhJub3r90uNb+SESBuE0QYoB90YdfatsRg=="
        },
        "cookiejar": {
            "version": "2.1.2",
            "resolved": "https://registry.npmjs.org/cookiejar/-/cookiejar-2.1.2.tgz",
            "integrity": "sha512-Mw+adcfzPxcPeI+0WlvRrr/3lGVO0bD75SxX6811cxSh1Wbxx7xZBGK1eVtDf6si8rg2lhnUjsVLMFMfbRIuwA=="
        },
        "create-hash": {
            "version": "1.2.0",
            "resolved": "https://registry.npmjs.org/create-hash/-/create-hash-1.2.0.tgz",
            "integrity": "sha512-z00bCGNHDG8mHAkP7CtT1qVu+bFQUPjYq/4Iv3C3kWjTFV10zIjfSoeqXo9Asws8gwSHDGj/hl2u4OGIjapeCg==",
            "requires": {
                "cipher-base": "^1.0.1",
                "inherits": "^2.0.1",
                "md5.js": "^1.3.4",
                "ripemd160": "^2.0.1",
                "sha.js": "^2.4.0"
            }
        },
        "debug": {
            "version": "4.3.2",
            "resolved": "https://registry.npmjs.org/debug/-/debug-4.3.2.tgz",
            "integrity": "sha512-mOp8wKcvj7XxC78zLgw/ZA+6TSgkoE2C/ienthhRD298T7UNwAg9diBpLRxC0mOezLl4B0xV7M0cCO6P/O0Xhw==",
            "requires": {
                "ms": "2.1.2"
            }
        },
        "delayed-stream": {
            "version": "1.0.0",
            "resolved": "https://registry.npmjs.org/delayed-stream/-/delayed-stream-1.0.0.tgz",
            "integrity": "sha1-3zrhmayt+31ECqrgsp4icrJOxhk="
        },
        "form-data": {
            "version": "2.5.1",
            "resolved": "https://registry.npmjs.org/form-data/-/form-data-2.5.1.tgz",
            "integrity": "sha512-m21N3WOmEEURgk6B9GLOE4RuWOFf28Lhh9qGYeNlGq4VDXUlJy2th2slBNU8Gp8EzloYZOibZJ7t5ecIrFSjVA==",
            "requires": {
                "asynckit": "^0.4.0",
                "combined-stream": "^1.0.6",
                "mime-types": "^2.1.12"
            }
        },
        "formidable": {
            "version": "1.2.2",
            "resolved": "https://registry.npmjs.org/formidable/-/formidable-1.2.2.tgz",
            "integrity": "sha512-V8gLm+41I/8kguQ4/o1D3RIHRmhYFG4pnNyonvua+40rqcEmT4+V71yaZ3B457xbbgCsCfjSPi65u/W6vK1U5Q=="
        },
        "function-bind": {
            "version": "1.1.1",
            "resolved": "https://registry.npmjs.org/function-bind/-/function-bind-1.1.1.tgz",
            "integrity": "sha512-yIovAzMX49sF8Yl58fSCWJ5svSLuaibPxXQJFLmBObTuCr0Mf1KiPopGM9NiFjiYBCbfaa2Fh6breQ6ANVTI0A=="
        },
        "get-intrinsic": {
            "version": "1.1.1",
            "resolved": "https://registry.npmjs.org/get-intrinsic/-/get-intrinsic-1.1.1.tgz",
            "integrity": "sha512-kWZrnVM42QCiEA2Ig1bG8zjoIMOgxWwYCEeNdwY6Tv/cOSeGpcoX4pXHfKUxNKVoArnrEr2e9srnAxxGIraS9Q==",
            "requires": {
                "function-bind": "^1.1.1",
                "has": "^1.0.3",
                "has-symbols": "^1.0.1"
            }
        },
        "has": {
            "version": "1.0.3",
            "resolved": "https://registry.npmjs.org/has/-/has-1.0.3.tgz",
            "integrity": "sha512-f2dvO0VU6Oej7RkWJGrehjbzMAjFp5/VKPp5tTpWIV4JHHZK1/BxbFRtf/siA2SWTe09caDmVtYYzWEIbBS4zw==",
            "requires": {
                "function-bind": "^1.1.1"
            }
        },
        "has-symbols": {
            "version": "1.0.2",
            "resolved": "https://registry.npmjs.org/has-symbols/-/has-symbols-1.0.2.tgz",
            "integrity": "sha512-chXa79rL/UC2KlX17jo3vRGz0azaWEx5tGqZg5pO3NUyEJVB17dMruQlzCCOfUvElghKcm5194+BCRvi2Rv/Gw=="
        },
        "hash-base": {
            "version": "3.1.0",
            "resolved": "https://registry.npmjs.org/hash-base/-/hash-base-3.1.0.tgz",
            "integrity": "sha512-1nmYp/rhMDiE7AYkDw+lLwlAzz0AntGIe51F3RfFfEqyQ3feY2eI/NcwC6umIQVOASPMsWJLJScWKSSvzL9IVA==",
            "requires": {
                "inherits": "^2.0.4",
                "readable-stream": "^3.6.0",
                "safe-buffer": "^5.2.0"
            }
        },
        "hi-base32": {
            "version": "0.5.1",
            "resolved": "https://registry.npmjs.org/hi-base32/-/hi-base32-0.5.1.tgz",
            "integrity": "sha512-EmBBpvdYh/4XxsnUybsPag6VikPYnN30td+vQk+GI3qpahVEG9+gTkG0aXVxTjBqQ5T6ijbWIu77O+C5WFWsnA=="
        },
        "inherits": {
            "version": "2.0.4",
            "resolved": "https://registry.npmjs.org/inherits/-/inherits-2.0.4.tgz",
            "integrity": "sha512-k/vGaX4/Yla3WzyMCvTQOXYeIHvqOKtnqBduzTHpzpQZzAskKMhZ2K+EnBiSM9zGSoIFeMpXKxa4dYeZIQqewQ=="
        },
        "js-sha256": {
            "version": "0.9.0",
            "resolved": "https://registry.npmjs.org/js-sha256/-/js-sha256-0.9.0.tgz",
            "integrity": "sha512-sga3MHh9sgQN2+pJ9VYZ+1LPwXOxuBJBA5nrR5/ofPfuiJBE2hnjsaN8se8JznOmGLN2p49Pe5U/ttafcs/apA=="
        },
        "js-sha512": {
            "version": "0.8.0",
            "resolved": "https://registry.npmjs.org/js-sha512/-/js-sha512-0.8.0.tgz",
            "integrity": "sha512-PWsmefG6Jkodqt+ePTvBZCSMFgN7Clckjd0O7su3I0+BW2QWUTJNzjktHsztGLhncP2h8mcF9V9Y2Ha59pAViQ=="
        },
        "keccak": {
            "version": "3.0.1",
            "resolved": "https://registry.npmjs.org/keccak/-/keccak-3.0.1.tgz",
            "integrity": "sha512-epq90L9jlFWCW7+pQa6JOnKn2Xgl2mtI664seYR6MHskvI9agt7AnDqmAlp9TqU4/caMYbA08Hi5DMZAl5zdkA==",
            "requires": {
                "node-addon-api": "^2.0.0",
                "node-gyp-build": "^4.2.0"
            }
        },
        "keccak256": {
            "version": "1.0.3",
            "resolved": "https://registry.npmjs.org/keccak256/-/keccak256-1.0.3.tgz",
            "integrity": "sha512-EkF/4twuPm1V/gn75nejOUrKfDUJn87RMLzDWosXF3pXuOvesiSgX35GcmbqzdImCASEkE/WaklWGWSa+Ha5bQ==",
            "requires": {
                "bn.js": "^4.11.8",
                "keccak": "^3.0.1"
            }
        },
        "md5.js": {
            "version": "1.3.5",
            "resolved": "https://registry.npmjs.org/md5.js/-/md5.js-1.3.5.tgz",
            "integrity": "sha512-xitP+WxNPcTTOgnTJcrhM0xvdPepipPSf3I8EIpGKeFLjt3PlJLIDG3u8EX53ZIubkb+5U2+3rELYpEhHhzdkg==",
            "requires": {
                "hash-base": "^3.0.0",
                "inherits": "^2.0.1",
                "safe-buffer": "^5.1.2"
            }
        },
        "methods": {
            "version": "1.1.2",
            "resolved": "https://registry.npmjs.org/methods/-/methods-1.1.2.tgz",
            "integrity": "sha1-VSmk1nZUE07cxSZmVoNbD4Ua/O4="
        },
        "mime": {
            "version": "2.5.2",
            "resolved": "https://registry.npmjs.org/mime/-/mime-2.5.2.tgz",
            "integrity": "sha512-tqkh47FzKeCPD2PUiPB6pkbMzsCasjxAfC62/Wap5qrUWcb+sFasXUC5I3gYM5iBM8v/Qpn4UK0x+j0iHyFPDg=="
        },
        "mime-db": {
            "version": "1.49.0",
            "resolved": "https://registry.npmjs.org/mime-db/-/mime-db-1.49.0.tgz",
            "integrity": "sha512-CIc8j9URtOVApSFCQIF+VBkX1RwXp/oMMOrqdyXSBXq5RWNEsRfyj1kiRnQgmNXmHxPoFIxOroKA3zcU9P+nAA=="
        },
        "mime-types": {
            "version": "2.1.32",
            "resolved": "https://registry.npmjs.org/mime-types/-/mime-types-2.1.32.tgz",
            "integrity": "sha512-hJGaVS4G4c9TSMYh2n6SQAGrC4RnfU+daP8G7cSCmaqNjiOoUY0VHCMS42pxnQmVF1GWwFhbHWn3RIxCqTmZ9A==",
            "requires": {
                "mime-db": "1.49.0"
            }
        },
        "moment": {
            "version": "2.29.1",
            "resolved": "https://registry.npmjs.org/moment/-/moment-2.29.1.tgz",
            "integrity": "sha512-kHmoybcPV8Sqy59DwNDY3Jefr64lK/by/da0ViFcuA4DH0vQg5Q6Ze5VimxkfQNSC+Mls/Kx53s7TjP1RhFEDQ=="
        },
        "ms": {
            "version": "2.1.2",
            "resolved": "https://registry.npmjs.org/ms/-/ms-2.1.2.tgz",
            "integrity": "sha512-sGkPx+VjMtmA6MX27oA4FBFELFCZZ4S4XqeGOXCv68tT+jb3vk/RyaKWP0PTKyWtmLSM0b+adUTEvbs1PEaH2w=="
        },
        "node-addon-api": {
            "version": "2.0.2",
            "resolved": "https://registry.npmjs.org/node-addon-api/-/node-addon-api-2.0.2.tgz",
            "integrity": "sha512-Ntyt4AIXyaLIuMHF6IOoTakB3K+RWxwtsHNRxllEoA6vPwP9o4866g6YWDLUdnucilZhmkxiHwHr11gAENw+QA=="
        },
        "node-gyp-build": {
            "version": "4.2.3",
            "resolved": "https://registry.npmjs.org/node-gyp-build/-/node-gyp-build-4.2.3.tgz",
            "integrity": "sha512-MN6ZpzmfNCRM+3t57PTJHgHyw/h4OWnZ6mR8P5j/uZtqQr46RRuDE/P+g3n0YR/AiYXeWixZZzaip77gdICfRg=="
        },
        "object-inspect": {
            "version": "1.11.0",
            "resolved": "https://registry.npmjs.org/object-inspect/-/object-inspect-1.11.0.tgz",
            "integrity": "sha512-jp7ikS6Sd3GxQfZJPyH3cjcbJF6GZPClgdV+EFygjFLQ5FmW/dRUnTd9PQ9k0JhoNDabWFbpF1yCdSWCC6gexg=="
        },
        "qs": {
            "version": "6.10.1",
            "resolved": "https://registry.npmjs.org/qs/-/qs-6.10.1.tgz",
            "integrity": "sha512-M528Hph6wsSVOBiYUnGf+K/7w0hNshs/duGsNXPUCLH5XAqjEtiPGwNONLV0tBH8NoGb0mvD5JubnUTrujKDTg==",
            "requires": {
                "side-channel": "^1.0.4"
            }
        },
        "readable-stream": {
            "version": "3.6.0",
            "resolved": "https://registry.npmjs.org/readable-stream/-/readable-stream-3.6.0.tgz",
            "integrity": "sha512-BViHy7LKeTz4oNnkcLJ+lVSL6vpiFeX6/d3oSH8zCW7UxP2onchk+vTGB143xuFjHS3deTgkKoXXymXqymiIdA==",
            "requires": {
                "inherits": "^2.0.3",
                "string_decoder": "^1.1.1",
                "util-deprecate": "^1.0.1"
            }
        },
        "ripemd160": {
            "version": "2.0.2",
            "resolved": "https://registry.npmjs.org/ripemd160/-/ripemd160-2.0.2.tgz",
            "integrity": "sha512-ii4iagi25WusVoiC4B4lq7pbXfAp3D9v5CwfkY33vffw2+pkDjY1D8GaN7spsxvCSx8dkPqOZCEZyfxcmJG2IA==",
            "requires": {
                "hash-base": "^3.0.0",
                "inherits": "^2.0.1"
            }
        },
        "safe-buffer": {
            "version": "5.2.1",
            "resolved": "https://registry.npmjs.org/safe-buffer/-/safe-buffer-5.2.1.tgz",
            "integrity": "sha512-rp3So07KcdmmKbGvgaNxQSJr7bGVSVk5S9Eq1F+ppbRo70+YeaDxkw5Dd8NPN+GD6bjnYm2VuPuCXmpuYvmCXQ=="
        },
        "sha.js": {
            "version": "2.4.11",
            "resolved": "https://registry.npmjs.org/sha.js/-/sha.js-2.4.11.tgz",
            "integrity": "sha512-QMEp5B7cftE7APOjk5Y6xgrbWu+WkLVQwk8JNjZ8nKRciZaByEW6MubieAiToS7+dwvrjGhH8jRXz3MVd0AYqQ==",
            "requires": {
                "inherits": "^2.0.1",
                "safe-buffer": "^5.0.1"
            }
        },
        "side-channel": {
            "version": "1.0.4",
            "resolved": "https://registry.npmjs.org/side-channel/-/side-channel-1.0.4.tgz",
            "integrity": "sha512-q5XPytqFEIKHkGdiMIrY10mvLRvnQh42/+GoBlFW3b2LXLE2xxJpZFdm94we0BaoV3RwJyGqg5wS7epxTv0Zvw==",
            "requires": {
                "call-bind": "^1.0.0",
                "get-intrinsic": "^1.0.2",
                "object-inspect": "^1.9.0"
            }
        },
        "string_decoder": {
            "version": "1.3.0",
            "resolved": "https://registry.npmjs.org/string_decoder/-/string_decoder-1.3.0.tgz",
            "integrity": "sha512-hkRX8U1WjJFd8LsDJ2yQ/wWWxaopEsABU1XfkM8A+j0+85JAGppt16cr1Whg6KIbb4okU6Mql6BOj+uup/wKeA==",
            "requires": {
                "safe-buffer": "~5.2.0"
            }
        },
        "superagent": {
            "version": "4.1.0",
            "resolved": "https://registry.npmjs.org/superagent/-/superagent-4.1.0.tgz",
            "integrity": "sha512-FT3QLMasz0YyCd4uIi5HNe+3t/onxMyEho7C3PSqmti3Twgy2rXT4fmkTz6wRL6bTF4uzPcfkUCa8u4JWHw8Ag==",
            "requires": {
                "component-emitter": "^1.2.0",
                "cookiejar": "^2.1.2",
                "debug": "^4.1.0",
                "form-data": "^2.3.3",
                "formidable": "^1.2.0",
                "methods": "^1.1.1",
                "mime": "^2.4.0",
                "qs": "^6.6.0",
                "readable-stream": "^3.0.6"
            }
        },
        "tweetnacl": {
            "version": "1.0.3",
            "resolved": "https://registry.npmjs.org/tweetnacl/-/tweetnacl-1.0.3.tgz",
            "integrity": "sha512-6rt+RN7aOi1nGMyC4Xa5DdYiukl2UWCbcJft7YhxReBGQD7OAM8Pbxw6YMo4r2diNEA8FEmu32YOn9rhaiE5yw=="
        },
        "util-deprecate": {
            "version": "1.0.2",
            "resolved": "https://registry.npmjs.org/util-deprecate/-/util-deprecate-1.0.2.tgz",
            "integrity": "sha1-RQ1Nyfpw3nMnYvvS1KKJgUGaDM8="
        }
    }
}
